
Microsoft Visual Studio Solution File, Format Version 12.00
# Visual Studio Version 17
VisualStudioVersion = 17.0.32014.148
MinimumVisualStudioVersion = 10.0.40219.1
Project("{FAE04EC0-301F-11D3-BF4B-00C04F79EFBC}") = "ToDoApi", "ToDoApi\ToDoApi.csproj", "{5D2A5477-61BF-4471-8D67-ABE9BF350EC4}"
EndProject
Global
	GlobalSection(SolutionConfigurationPlatforms) = preSolution
		Debug|Any CPU = Debug|Any CPU
		Release|Any CPU = Release|Any CPU
	EndGlobalSection
	GlobalSection(ProjectConfigurationPlatforms) = postSolution
		{5D2A5477-61BF-4471-8D67-ABE9BF350EC4}.Debug|Any CPU.ActiveCfg = Debug|Any CPU
		{5D2A5477-61BF-4471-8D67-ABE9BF350EC4}.Debug|Any CPU.Build.0 = Debug|Any CPU
		{5D2A5477-61BF-4471-8D67-ABE9BF350EC4}.Release|Any CPU.ActiveCfg = Release|Any CPU
		{5D2A5477-61BF-4471-8D67-ABE9BF350EC4}.Release|Any CPU.Build.0 = Release|Any CPU
	EndGlobalSection
	GlobalSection(SolutionProperties) = preSolution
		HideSolutionNode = FALSE
	EndGlobalSection
	GlobalSection(ExtensibilityGlobals) = postSolution
		SolutionGuid = {745509ED-8630-4140-94A5-49825834C628}
	EndGlobalSection
EndGlobal
